
Microsoft Visual Studio Solution File, Format Version 12.00
# Visual Studio Version 16
VisualStudioVersion = 16.0.30104.148
MinimumVisualStudioVersion = 10.0.40219.1
Project("{FAE04EC0-301F-11D3-BF4B-00C04F79EFBC}") = "Treino_Heranca1", "Treino_Heranca1\Treino_Heranca1.csproj", "{6975BF93-0510-4597-9914-EE0D5751DE76}"
EndProject
Global
	GlobalSection(SolutionConfigurationPlatforms) = preSolution
		Debug|Any CPU = Debug|Any CPU
		Release|Any CPU = Release|Any CPU
	EndGlobalSection
	GlobalSection(ProjectConfigurationPlatforms) = postSolution
		{6975BF93-0510-4597-9914-EE0D5751DE76}.Debug|Any CPU.ActiveCfg = Debug|Any CPU
		{6975BF93-0510-4597-9914-EE0D5751DE76}.Debug|Any CPU.Build.0 = Debug|Any CPU
		{6975BF93-0510-4597-9914-EE0D5751DE76}.Release|Any CPU.ActiveCfg = Release|Any CPU
		{6975BF93-0510-4597-9914-EE0D5751DE76}.Release|Any CPU.Build.0 = Release|Any CPU
	EndGlobalSection
	GlobalSection(SolutionProperties) = preSolution
		HideSolutionNode = FALSE
	EndGlobalSection
	GlobalSection(ExtensibilityGlobals) = postSolution
		SolutionGuid = {BA0BAC16-D248-4484-BA5D-F2F750C38D54}
	EndGlobalSection
EndGlobal
